
Microsoft Visual Studio Solution File, Format Version 12.00
# Visual Studio Version 17
VisualStudioVersion = 17.4.33110.190
MinimumVisualStudioVersion = 10.0.40219.1
Project("{FAE04EC0-301F-11D3-BF4B-00C04F79EFBC}") = "CustomToolbox", "CustomToolbox.csproj", "{37249670-8E3B-4BFF-9D40-A07F9180CEE7}"
EndProject
Global
	GlobalSection(SolutionConfigurationPlatforms) = preSolution
		Debug|Any CPU = Debug|Any CPU
		Release|Any CPU = Release|Any CPU
	EndGlobalSection
	GlobalSection(ProjectConfigurationPlatforms) = postSolution
		{37249670-8E3B-4BFF-9D40-A07F9180CEE7}.Debug|Any CPU.ActiveCfg = Debug|Any CPU
		{37249670-8E3B-4BFF-9D40-A07F9180CEE7}.Debug|Any CPU.Build.0 = Debug|Any CPU
		{37249670-8E3B-4BFF-9D40-A07F9180CEE7}.Release|Any CPU.ActiveCfg = Release|Any CPU
		{37249670-8E3B-4BFF-9D40-A07F9180CEE7}.Release|Any CPU.Build.0 = Release|Any CPU
	EndGlobalSection
	GlobalSection(SolutionProperties) = preSolution
		HideSolutionNode = FALSE
	EndGlobalSection
	GlobalSection(ExtensibilityGlobals) = postSolution
		SolutionGuid = {7128C860-9541-45EC-809C-3F198B62FA84}
	EndGlobalSection
EndGlobal
